
Microsoft Visual Studio Solution File, Format Version 12.00
# Visual Studio 14
VisualStudioVersion = 14.0.25420.1
MinimumVisualStudioVersion = 10.0.40219.1
Project("{FAE04EC0-301F-11D3-BF4B-00C04F79EFBC}") = "DataStructures", "DataStructures\DataStructures.csproj", "{3808E031-4AD4-4D25-B6E2-01866FFAEA91}"
EndProject
Project("{FAE04EC0-301F-11D3-BF4B-00C04F79EFBC}") = "DataStructures.Tests", "DataStructures.Tests\DataStructures.Tests.csproj", "{F5CE1DB9-0667-4D75-B90C-77DB39D8F798}"
EndProject
Global
	GlobalSection(SolutionConfigurationPlatforms) = preSolution
		Debug|Any CPU = Debug|Any CPU
		Debug|ARM = Debug|ARM
		Debug|x64 = Debug|x64
		Debug|x86 = Debug|x86
		Release|Any CPU = Release|Any CPU
		Release|ARM = Release|ARM
		Release|x64 = Release|x64
		Release|x86 = Release|x86
	EndGlobalSection
	GlobalSection(ProjectConfigurationPlatforms) = postSolution
		{3808E031-4AD4-4D25-B6E2-01866FFAEA91}.Debug|Any CPU.ActiveCfg = Debug|Any CPU
		{3808E031-4AD4-4D25-B6E2-01866FFAEA91}.Debug|Any CPU.Build.0 = Debug|Any CPU
		{3808E031-4AD4-4D25-B6E2-01866FFAEA91}.Debug|ARM.ActiveCfg = Debug|Any CPU
		{3808E031-4AD4-4D25-B6E2-01866FFAEA91}.Debug|ARM.Build.0 = Debug|Any CPU
		{3808E031-4AD4-4D25-B6E2-01866FFAEA91}.Debug|x64.ActiveCfg = Debug|Any CPU
		{3808E031-4AD4-4D25-B6E2-01866FFAEA91}.Debug|x64.Build.0 = Debug|Any CPU
		{3808E031-4AD4-4D25-B6E2-01866FFAEA91}.Debug|x86.ActiveCfg = Debug|Any CPU
		{3808E031-4AD4-4D25-B6E2-01866FFAEA91}.Debug|x86.Build.0 = Debug|Any CPU
		{3808E031-4AD4-4D25-B6E2-01866FFAEA91}.Release|Any CPU.ActiveCfg = Release|Any CPU
		{3808E031-4AD4-4D25-B6E2-01866FFAEA91}.Release|Any CPU.Build.0 = Release|Any CPU
		{3808E031-4AD4-4D25-B6E2-01866FFAEA91}.Release|ARM.ActiveCfg = Release|Any CPU
		{3808E031-4AD4-4D25-B6E2-01866FFAEA91}.Release|ARM.Build.0 = Release|Any CPU
		{3808E031-4AD4-4D25-B6E2-01866FFAEA91}.Release|x64.ActiveCfg = Release|Any CPU
		{3808E031-4AD4-4D25-B6E2-01866FFAEA91}.Release|x64.Build.0 = Release|Any CPU
		{3808E031-4AD4-4D25-B6E2-01866FFAEA91}.Release|x86.ActiveCfg = Release|Any CPU
		{3808E031-4AD4-4D25-B6E2-01866FFAEA91}.Release|x86.Build.0 = Release|Any CPU
		{F5CE1DB9-0667-4D75-B90C-77DB39D8F798}.Debug|Any CPU.ActiveCfg = Debug|Any CPU
		{F5CE1DB9-0667-4D75-B90C-77DB39D8F798}.Debug|Any CPU.Build.0 = Debug|Any CPU
		{F5CE1DB9-0667-4D75-B90C-77DB39D8F798}.Debug|ARM.ActiveCfg = Debug|Any CPU
		{F5CE1DB9-0667-4D75-B90C-77DB39D8F798}.Debug|ARM.Build.0 = Debug|Any CPU
		{F5CE1DB9-0667-4D75-B90C-77DB39D8F798}.Debug|x64.ActiveCfg = Debug|Any CPU
		{F5CE1DB9-0667-4D75-B90C-77DB39D8F798}.Debug|x64.Build.0 = Debug|Any CPU
		{F5CE1DB9-0667-4D75-B90C-77DB39D8F798}.Debug|x86.ActiveCfg = Debug|Any CPU
		{F5CE1DB9-0667-4D75-B90C-77DB39D8F798}.Debug|x86.Build.0 = Debug|Any CPU
		{F5CE1DB9-0667-4D75-B90C-77DB39D8F798}.Release|Any CPU.ActiveCfg = Release|Any CPU
		{F5CE1DB9-0667-4D75-B90C-77DB39D8F798}.Release|Any CPU.Build.0 = Release|Any CPU
		{F5CE1DB9-0667-4D75-B90C-77DB39D8F798}.Release|ARM.ActiveCfg = Release|Any CPU
		{F5CE1DB9-0667-4D75-B90C-77DB39D8F798}.Release|ARM.Build.0 = Release|Any CPU
		{F5CE1DB9-0667-4D75-B90C-77DB39D8F798}.Release|x64.ActiveCfg = Release|Any CPU
		{F5CE1DB9-0667-4D75-B90C-77DB39D8F798}.Release|x64.Build.0 = Release|Any CPU
		{F5CE1DB9-0667-4D75-B90C-77DB39D8F798}.Release|x86.ActiveCfg = Release|Any CPU
		{F5CE1DB9-0667-4D75-B90C-77DB39D8F798}.Release|x86.Build.0 = Release|Any CPU
	EndGlobalSection
	GlobalSection(SolutionProperties) = preSolution
		HideSolutionNode = FALSE
	EndGlobalSection
EndGlobal
